
Microsoft Visual Studio Solution File, Format Version 12.00
# Visual Studio Version 17
VisualStudioVersion = 17.5.33414.496
MinimumVisualStudioVersion = 10.0.40219.1
Project("{FAE04EC0-301F-11D3-BF4B-00C04F79EFBC}") = "MoviesAPI", "MoviesAPI\MoviesAPI.csproj", "{C5522003-8C98-41EB-9360-79CE4156EC51}"
EndProject
Global
	GlobalSection(SolutionConfigurationPlatforms) = preSolution
		Debug|Any CPU = Debug|Any CPU
		Release|Any CPU = Release|Any CPU
	EndGlobalSection
	GlobalSection(ProjectConfigurationPlatforms) = postSolution
		{C5522003-8C98-41EB-9360-79CE4156EC51}.Debug|Any CPU.ActiveCfg = Debug|Any CPU
		{C5522003-8C98-41EB-9360-79CE4156EC51}.Debug|Any CPU.Build.0 = Debug|Any CPU
		{C5522003-8C98-41EB-9360-79CE4156EC51}.Release|Any CPU.ActiveCfg = Release|Any CPU
		{C5522003-8C98-41EB-9360-79CE4156EC51}.Release|Any CPU.Build.0 = Release|Any CPU
	EndGlobalSection
	GlobalSection(SolutionProperties) = preSolution
		HideSolutionNode = FALSE
	EndGlobalSection
	GlobalSection(ExtensibilityGlobals) = postSolution
		SolutionGuid = {A58C1745-3270-428F-80DE-E4991B7D748A}
	EndGlobalSection
EndGlobal
